
Microsoft Visual Studio Solution File, Format Version 12.00
# Visual Studio Version 16
VisualStudioVersion = 16.0.29519.87
MinimumVisualStudioVersion = 10.0.40219.1
Project("{FAE04EC0-301F-11D3-BF4B-00C04F79EFBC}") = "Invoicer", "Invoicer.csproj", "{E23A134A-5843-46EC-B000-94665272D51C}"
EndProject
Global
	GlobalSection(SolutionConfigurationPlatforms) = preSolution
		Debug|Any CPU = Debug|Any CPU
		Release|Any CPU = Release|Any CPU
	EndGlobalSection
	GlobalSection(ProjectConfigurationPlatforms) = postSolution
		{E23A134A-5843-46EC-B000-94665272D51C}.Debug|Any CPU.ActiveCfg = Debug|Any CPU
		{E23A134A-5843-46EC-B000-94665272D51C}.Debug|Any CPU.Build.0 = Debug|Any CPU
		{E23A134A-5843-46EC-B000-94665272D51C}.Release|Any CPU.ActiveCfg = Release|Any CPU
		{E23A134A-5843-46EC-B000-94665272D51C}.Release|Any CPU.Build.0 = Release|Any CPU
	EndGlobalSection
	GlobalSection(SolutionProperties) = preSolution
		HideSolutionNode = FALSE
	EndGlobalSection
	GlobalSection(ExtensibilityGlobals) = postSolution
		SolutionGuid = {8DF1A754-47C7-45CB-990E-7071D3E8C32D}
	EndGlobalSection
EndGlobal
